
Microsoft Visual Studio Solution File, Format Version 12.00
# Visual Studio Version 16
VisualStudioVersion = 16.0.29123.88
MinimumVisualStudioVersion = 10.0.40219.1
Project("{9A19103F-16F7-4668-BE54-9A1E7A4F7556}") = "ElasticTaskExecutor.Core", "ElasticTaskExecutor.Core\ElasticTaskExecutor.Core.csproj", "{E6318AF8-A441-41A7-9C69-BBA4FB9A4806}"
EndProject
Project("{9A19103F-16F7-4668-BE54-9A1E7A4F7556}") = "ElasticTaskExecutor.Extensions", "ElasticTaskExecutor.Extensions\ElasticTaskExecutor.Extensions.csproj", "{59C68C3B-FE83-4BEB-9C44-3FAC94BFD896}"
EndProject
Project("{FAE04EC0-301F-11D3-BF4B-00C04F79EFBC}") = "ElasticTaskExecutor.UnitTest", "ElasticTaskExecutor.UnitTest\ElasticTaskExecutor.UnitTest.csproj", "{2053FDA4-568F-4A5C-BE9A-6B34F34AF4F4}"
EndProject
Global
	GlobalSection(SolutionConfigurationPlatforms) = preSolution
		Debug|Any CPU = Debug|Any CPU
		Release|Any CPU = Release|Any CPU
	EndGlobalSection
	GlobalSection(ProjectConfigurationPlatforms) = postSolution
		{E6318AF8-A441-41A7-9C69-BBA4FB9A4806}.Debug|Any CPU.ActiveCfg = Debug|Any CPU
		{E6318AF8-A441-41A7-9C69-BBA4FB9A4806}.Debug|Any CPU.Build.0 = Debug|Any CPU
		{E6318AF8-A441-41A7-9C69-BBA4FB9A4806}.Release|Any CPU.ActiveCfg = Release|Any CPU
		{E6318AF8-A441-41A7-9C69-BBA4FB9A4806}.Release|Any CPU.Build.0 = Release|Any CPU
		{59C68C3B-FE83-4BEB-9C44-3FAC94BFD896}.Debug|Any CPU.ActiveCfg = Debug|Any CPU
		{59C68C3B-FE83-4BEB-9C44-3FAC94BFD896}.Debug|Any CPU.Build.0 = Debug|Any CPU
		{59C68C3B-FE83-4BEB-9C44-3FAC94BFD896}.Release|Any CPU.ActiveCfg = Release|Any CPU
		{59C68C3B-FE83-4BEB-9C44-3FAC94BFD896}.Release|Any CPU.Build.0 = Release|Any CPU
		{2053FDA4-568F-4A5C-BE9A-6B34F34AF4F4}.Debug|Any CPU.ActiveCfg = Debug|Any CPU
		{2053FDA4-568F-4A5C-BE9A-6B34F34AF4F4}.Debug|Any CPU.Build.0 = Debug|Any CPU
		{2053FDA4-568F-4A5C-BE9A-6B34F34AF4F4}.Release|Any CPU.ActiveCfg = Release|Any CPU
		{2053FDA4-568F-4A5C-BE9A-6B34F34AF4F4}.Release|Any CPU.Build.0 = Release|Any CPU
	EndGlobalSection
	GlobalSection(SolutionProperties) = preSolution
		HideSolutionNode = FALSE
	EndGlobalSection
	GlobalSection(ExtensibilityGlobals) = postSolution
		SolutionGuid = {8FCD21D0-441C-43D9-9AFB-A7ABE9B635B9}
	EndGlobalSection
EndGlobal
